PODS:
  - MMKV (1.3.14):
    - MMKVCore (~> 1.3.14)
  - MMKVCore (1.3.14)

DEPENDENCIES:
  - MMKV (= 1.3.14)

SPEC REPOS:
  trunk:
    - MMKV
    - MMKVCore

SPEC CHECKSUMS:
  MMKV: 7b5df6a8bf785c6705cc490c541b9d8a957c4a64
  MMKVCore: 3f40b896e9ab522452df9df3ce983471aa2449ba

PODFILE CHECKSUM: 9c90af696d43537bb4211d3ca6346f1a651da118

COCOAPODS: 1.16.2
